
Microsoft Visual Studio Solution File, Format Version 12.00
Project("{FAE04EC0-301F-11D3-BF4B-00C04F79EFBC}") = "EJournal.WebApi", "EJournal.WebApi\EJournal.WebApi.csproj", "{C7B492A7-311F-46A3-84A0-CDB35A37DA70}"
EndProject
Project("{FAE04EC0-301F-11D3-BF4B-00C04F79EFBC}") = "EJournal.TelegramBot", "EJournal.TelegramBot\EJournal.TelegramBot.csproj", "{74109F08-A92A-498D-A917-8A3220FAEF84}"
EndProject
Project("{2150E333-8FDC-42A3-9474-1A3956D46DE8}") = "Presentation", "Presentation", "{49CBDC5C-FAD5-4FBC-AFA9-BAA67D2DA551}"
EndProject
Project("{2150E333-8FDC-42A3-9474-1A3956D46DE8}") = "Infrastructure", "Infrastructure", "{37D1C63B-A443-46B3-93E9-3F18CFD557E0}"
EndProject
Project("{2150E333-8FDC-42A3-9474-1A3956D46DE8}") = "Core", "Core", "{6E5878D8-BA6D-483C-83A8-AC7F689F9151}"
EndProject
Project("{FAE04EC0-301F-11D3-BF4B-00C04F79EFBC}") = "EJournal.MongoPersistence", "EJournal.MongoPersistence\EJournal.MongoPersistence.csproj", "{7CA4BB26-D56A-4AD6-A21D-BDBC0617C3CB}"
EndProject
Project("{FAE04EC0-301F-11D3-BF4B-00C04F79EFBC}") = "EJournal.Application", "EJournal.Application\EJournal.Application.csproj", "{FDD0BBD1-FD2A-49AE-B834-FF67C656F0A3}"
EndProject
Project("{FAE04EC0-301F-11D3-BF4B-00C04F79EFBC}") = "EJournal.Domain", "EJournal.Domain\EJournal.Domain.csproj", "{960B05CC-EC61-4B86-A4B9-26C6A52ABABB}"
EndProject
Project("{2150E333-8FDC-42A3-9474-1A3956D46DE8}") = "Test", "Test", "{90C9B30D-ADA8-41D9-99FB-6001A2622023}"
EndProject
Project("{FAE04EC0-301F-11D3-BF4B-00C04F79EFBC}") = "EJournal.Test", "EJournal.Test\EJournal.Test.csproj", "{475238ED-2F35-413C-8C88-09FAF7AF1EC0}"
EndProject
Global
	GlobalSection(SolutionConfigurationPlatforms) = preSolution
		Debug|Any CPU = Debug|Any CPU
		Release|Any CPU = Release|Any CPU
	EndGlobalSection
	GlobalSection(ProjectConfigurationPlatforms) = postSolution
		{C7B492A7-311F-46A3-84A0-CDB35A37DA70}.Debug|Any CPU.ActiveCfg = Debug|Any CPU
		{C7B492A7-311F-46A3-84A0-CDB35A37DA70}.Debug|Any CPU.Build.0 = Debug|Any CPU
		{C7B492A7-311F-46A3-84A0-CDB35A37DA70}.Release|Any CPU.ActiveCfg = Release|Any CPU
		{C7B492A7-311F-46A3-84A0-CDB35A37DA70}.Release|Any CPU.Build.0 = Release|Any CPU
		{74109F08-A92A-498D-A917-8A3220FAEF84}.Debug|Any CPU.ActiveCfg = Debug|Any CPU
		{74109F08-A92A-498D-A917-8A3220FAEF84}.Debug|Any CPU.Build.0 = Debug|Any CPU
		{74109F08-A92A-498D-A917-8A3220FAEF84}.Release|Any CPU.ActiveCfg = Release|Any CPU
		{74109F08-A92A-498D-A917-8A3220FAEF84}.Release|Any CPU.Build.0 = Release|Any CPU
		{7CA4BB26-D56A-4AD6-A21D-BDBC0617C3CB}.Debug|Any CPU.ActiveCfg = Debug|Any CPU
		{7CA4BB26-D56A-4AD6-A21D-BDBC0617C3CB}.Debug|Any CPU.Build.0 = Debug|Any CPU
		{7CA4BB26-D56A-4AD6-A21D-BDBC0617C3CB}.Release|Any CPU.ActiveCfg = Release|Any CPU
		{7CA4BB26-D56A-4AD6-A21D-BDBC0617C3CB}.Release|Any CPU.Build.0 = Release|Any CPU
		{FDD0BBD1-FD2A-49AE-B834-FF67C656F0A3}.Debug|Any CPU.ActiveCfg = Debug|Any CPU
		{FDD0BBD1-FD2A-49AE-B834-FF67C656F0A3}.Debug|Any CPU.Build.0 = Debug|Any CPU
		{FDD0BBD1-FD2A-49AE-B834-FF67C656F0A3}.Release|Any CPU.ActiveCfg = Release|Any CPU
		{FDD0BBD1-FD2A-49AE-B834-FF67C656F0A3}.Release|Any CPU.Build.0 = Release|Any CPU
		{960B05CC-EC61-4B86-A4B9-26C6A52ABABB}.Debug|Any CPU.ActiveCfg = Debug|Any CPU
		{960B05CC-EC61-4B86-A4B9-26C6A52ABABB}.Debug|Any CPU.Build.0 = Debug|Any CPU
		{960B05CC-EC61-4B86-A4B9-26C6A52ABABB}.Release|Any CPU.ActiveCfg = Release|Any CPU
		{960B05CC-EC61-4B86-A4B9-26C6A52ABABB}.Release|Any CPU.Build.0 = Release|Any CPU
		{475238ED-2F35-413C-8C88-09FAF7AF1EC0}.Debug|Any CPU.ActiveCfg = Debug|Any CPU
		{475238ED-2F35-413C-8C88-09FAF7AF1EC0}.Debug|Any CPU.Build.0 = Debug|Any CPU
		{475238ED-2F35-413C-8C88-09FAF7AF1EC0}.Release|Any CPU.ActiveCfg = Release|Any CPU
		{475238ED-2F35-413C-8C88-09FAF7AF1EC0}.Release|Any CPU.Build.0 = Release|Any CPU
	EndGlobalSection
	GlobalSection(NestedProjects) = preSolution
		{74109F08-A92A-498D-A917-8A3220FAEF84} = {49CBDC5C-FAD5-4FBC-AFA9-BAA67D2DA551}
		{C7B492A7-311F-46A3-84A0-CDB35A37DA70} = {49CBDC5C-FAD5-4FBC-AFA9-BAA67D2DA551}
		{7CA4BB26-D56A-4AD6-A21D-BDBC0617C3CB} = {37D1C63B-A443-46B3-93E9-3F18CFD557E0}
		{FDD0BBD1-FD2A-49AE-B834-FF67C656F0A3} = {6E5878D8-BA6D-483C-83A8-AC7F689F9151}
		{960B05CC-EC61-4B86-A4B9-26C6A52ABABB} = {6E5878D8-BA6D-483C-83A8-AC7F689F9151}
		{475238ED-2F35-413C-8C88-09FAF7AF1EC0} = {90C9B30D-ADA8-41D9-99FB-6001A2622023}
	EndGlobalSection
EndGlobal
